
Microsoft Visual Studio Solution File, Format Version 12.00
# Visual Studio Version 17
VisualStudioVersion = 17.7.34221.43
MinimumVisualStudioVersion = 10.0.40219.1
Project("{FAE04EC0-301F-11D3-BF4B-00C04F79EFBC}") = "Labsheet 9", "Labsheet 9\Labsheet 9.csproj", "{387EE0CC-B926-420D-965A-A31B5729B878}"
EndProject
Global
	GlobalSection(SolutionConfigurationPlatforms) = preSolution
		Debug|Any CPU = Debug|Any CPU
		Release|Any CPU = Release|Any CPU
	EndGlobalSection
	GlobalSection(ProjectConfigurationPlatforms) = postSolution
		{387EE0CC-B926-420D-965A-A31B5729B878}.Debug|Any CPU.ActiveCfg = Debug|Any CPU
		{387EE0CC-B926-420D-965A-A31B5729B878}.Debug|Any CPU.Build.0 = Debug|Any CPU
		{387EE0CC-B926-420D-965A-A31B5729B878}.Release|Any CPU.ActiveCfg = Release|Any CPU
		{387EE0CC-B926-420D-965A-A31B5729B878}.Release|Any CPU.Build.0 = Release|Any CPU
	EndGlobalSection
	GlobalSection(SolutionProperties) = preSolution
		HideSolutionNode = FALSE
	EndGlobalSection
	GlobalSection(ExtensibilityGlobals) = postSolution
		SolutionGuid = {3D1AF987-AD1F-49D8-B240-BDAB11953BC7}
	EndGlobalSection
EndGlobal
